
Microsoft Visual Studio Solution File, Format Version 12.00
# Visual Studio Version 16
VisualStudioVersion = 25.0.1706.4
MinimumVisualStudioVersion = 10.0.40219.1
Project("{FAE04EC0-301F-11D3-BF4B-00C04F79EFBC}") = "graph-traversal", "graph-traversal.csproj", "{8F4684F0-BFA5-4E83-A4A5-7E1441ECE7BD}"
EndProject
Global
	GlobalSection(SolutionConfigurationPlatforms) = preSolution
		Debug|Any CPU = Debug|Any CPU
		Release|Any CPU = Release|Any CPU
	EndGlobalSection
	GlobalSection(ProjectConfigurationPlatforms) = postSolution
		{8F4684F0-BFA5-4E83-A4A5-7E1441ECE7BD}.Debug|Any CPU.ActiveCfg = Debug|Any CPU
		{8F4684F0-BFA5-4E83-A4A5-7E1441ECE7BD}.Debug|Any CPU.Build.0 = Debug|Any CPU
		{8F4684F0-BFA5-4E83-A4A5-7E1441ECE7BD}.Release|Any CPU.ActiveCfg = Release|Any CPU
		{8F4684F0-BFA5-4E83-A4A5-7E1441ECE7BD}.Release|Any CPU.Build.0 = Release|Any CPU
	EndGlobalSection
	GlobalSection(SolutionProperties) = preSolution
		HideSolutionNode = FALSE
	EndGlobalSection
	GlobalSection(ExtensibilityGlobals) = postSolution
		SolutionGuid = {8AD70464-3DC4-4BC2-825D-E4E16356E6A6}
	EndGlobalSection
EndGlobal
